
Microsoft Visual Studio Solution File, Format Version 12.00
# Visual Studio Version 17
VisualStudioVersion = 17.5.33530.505
MinimumVisualStudioVersion = 10.0.40219.1
Project("{FAE04EC0-301F-11D3-BF4B-00C04F79EFBC}") = "Taskmanager", "Taskmanager\Taskmanager.csproj", "{0DE83FC6-E51B-4267-8B05-296EDF5D75FD}"
EndProject
Global
	GlobalSection(SolutionConfigurationPlatforms) = preSolution
		Debug|Any CPU = Debug|Any CPU
		Release|Any CPU = Release|Any CPU
	EndGlobalSection
	GlobalSection(ProjectConfigurationPlatforms) = postSolution
		{0DE83FC6-E51B-4267-8B05-296EDF5D75FD}.Debug|Any CPU.ActiveCfg = Debug|Any CPU
		{0DE83FC6-E51B-4267-8B05-296EDF5D75FD}.Debug|Any CPU.Build.0 = Debug|Any CPU
		{0DE83FC6-E51B-4267-8B05-296EDF5D75FD}.Release|Any CPU.ActiveCfg = Release|Any CPU
		{0DE83FC6-E51B-4267-8B05-296EDF5D75FD}.Release|Any CPU.Build.0 = Release|Any CPU
	EndGlobalSection
	GlobalSection(SolutionProperties) = preSolution
		HideSolutionNode = FALSE
	EndGlobalSection
	GlobalSection(ExtensibilityGlobals) = postSolution
		SolutionGuid = {6FB56CDE-8115-4983-A3CD-5634588CC30B}
	EndGlobalSection
EndGlobal
